// !$*UTF8*$!
{
	archiveVersion = 1;
	classes = {
	};
	objectVersion = 55;
	objects = {

/* Begin PBXBuildFile section */
		942BDFB6282F32EB0030F467 /* AppDelegate.swift in Sources */ = {isa = PBXBuildFile; fileRef = 942BDFB5282F32EB0030F467 /* AppDelegate.swift */; };
		942BDFB8282F32EB0030F467 /* SceneDelegate.swift in Sources */ = {isa = PBXBuildFile; fileRef = 942BDFB7282F32EB0030F467 /* SceneDelegate.swift */; };
		942BDFBA282F32EB0030F467 /* HomeViewController.swift in Sources */ = {isa = PBXBuildFile; fileRef = 942BDFB9282F32EB0030F467 /* HomeViewController.swift */; };
		942BDFBF282F32F30030F467 /* Assets.xcassets in Resources */ = {isa = PBXBuildFile; fileRef = 942BDFBE282F32F30030F467 /* Assets.xcassets */; };
		942BDFC2282F32F30030F467 /* LaunchScreen.storyboard in Resources */ = {isa = PBXBuildFile; fileRef = 942BDFC0282F32F30030F467 /* LaunchScreen.storyboard */; };
		942BDFCC282F3B560030F467 /* BottomControlView.swift in Sources */ = {isa = PBXBuildFile; fileRef = 942BDFCB282F3B560030F467 /* BottomControlView.swift */; };
		942BDFCE282F57DA0030F467 /* UIImage-Extension.swift in Sources */ = {isa = PBXBuildFile; fileRef = 942BDFCD282F57DA0030F467 /* UIImage-Extension.swift */; };
		942BDFD1282FA1610030F467 /* TopControlView.swift in Sources */ = {isa = PBXBuildFile; fileRef = 942BDFD0282FA1610030F467 /* TopControlView.swift */; };
		94963559282FE9C500C8F93F /* RxCocoa in Frameworks */ = {isa = PBXBuildFile; productRef = 94963558282FE9C500C8F93F /* RxCocoa */; };
		9496355B282FE9C500C8F93F /* RxRelay in Frameworks */ = {isa = PBXBuildFile; productRef = 9496355A282FE9C500C8F93F /* RxRelay */; };
		9496355D282FE9C500C8F93F /* RxSwift in Frameworks */ = {isa = PBXBuildFile; productRef = 9496355C282FE9C500C8F93F /* RxSwift */; };
/* End PBXBuildFile section */

/* Begin PBXFileReference section */
		942BDFB2282F32EB0030F467 /* MatchApp.app */ = {isa = PBXFileReference; explicitFileType = wrapper.application; includeInIndex = 0; path = MatchApp.app; sourceTree = BUILT_PRODUCTS_DIR; };
		942BDFB5282F32EB0030F467 /* AppDelegate.swift */ = {isa = PBXFileReference; lastKnownFileType = sourcecode.swift; path = AppDelegate.swift; sourceTree = "<group>"; };
		942BDFB7282F32EB0030F467 /* SceneDelegate.swift */ = {isa = PBXFileReference; lastKnownFileType = sourcecode.swift; path = SceneDelegate.swift; sourceTree = "<group>"; };
		942BDFB9282F32EB0030F467 /* HomeViewController.swift */ = {isa = PBXFileReference; lastKnownFileType = sourcecode.swift; path = HomeViewController.swift; sourceTree = "<group>"; };
		942BDFBE282F32F30030F467 /* Assets.xcassets */ = {isa = PBXFileReference; lastKnownFileType = folder.assetcatalog; path = Assets.xcassets; sourceTree = "<group>"; };
		942BDFC1282F32F30030F467 /* Base */ = {isa = PBXFileReference; lastKnownFileType = file.storyboard; name = Base; path = Base.lproj/LaunchScreen.storyboard; sourceTree = "<group>"; };
		942BDFC3282F32F30030F467 /* Info.plist */ = {isa = PBXFileReference; lastKnownFileType = text.plist.xml; path = Info.plist; sourceTree = "<group>"; };
		942BDFCB282F3B560030F467 /* BottomControlView.swift */ = {isa = PBXFileReference; lastKnownFileType = sourcecode.swift; path = BottomControlView.swift; sourceTree = "<group>"; };
		942BDFCD282F57DA0030F467 /* UIImage-Extension.swift */ = {isa = PBXFileReference; lastKnownFileType = sourcecode.swift; path = "UIImage-Extension.swift"; sourceTree = "<group>"; };
		942BDFD0282FA1610030F467 /* TopControlView.swift */ = {isa = PBXFileReference; lastKnownFileType = sourcecode.swift; path = TopControlView.swift; sourceTree = "<group>"; };
/* End PBXFileReference section */

/* Begin PBXFrameworksBuildPhase section */
		942BDFAF282F32EB0030F467 /* Frameworks */ = {
			isa = PBXFrameworksBuildPhase;
			buildActionMask = 2147483647;
			files = (
				9496355D282FE9C500C8F93F /* RxSwift in Frameworks */,
				9496355B282FE9C500C8F93F /* RxRelay in Frameworks */,
				94963559282FE9C500C8F93F /* RxCocoa in Frameworks */,
			);
			runOnlyForDeploymentPostprocessing = 0;
		};
/* End PBXFrameworksBuildPhase section */

/* Begin PBXGroup section */
		942BDFA9282F32EB0030F467 = {
			isa = PBXGroup;
			children = (
				942BDFB4282F32EB0030F467 /* MatchApp */,
				942BDFB3282F32EB0030F467 /* Products */,
			);
			sourceTree = "<group>";
		};
		942BDFB3282F32EB0030F467 /* Products */ = {
			isa = PBXGroup;
			children = (
				942BDFB2282F32EB0030F467 /* MatchApp.app */,
			);
			name = Products;
			sourceTree = "<group>";
		};
		942BDFB4282F32EB0030F467 /* MatchApp */ = {
			isa = PBXGroup;
			children = (
				942BDFCF282F57EB0030F467 /* Extensions */,
				942BDFCA282F3B210030F467 /* Views */,
				942BDFC9282F3AE00030F467 /* ViewControllers */,
				942BDFB5282F32EB0030F467 /* AppDelegate.swift */,
				942BDFB7282F32EB0030F467 /* SceneDelegate.swift */,
				942BDFBE282F32F30030F467 /* Assets.xcassets */,
				942BDFC0282F32F30030F467 /* LaunchScreen.storyboard */,
				942BDFC3282F32F30030F467 /* Info.plist */,
			);
			path = MatchApp;
			sourceTree = "<group>";
		};
		942BDFC9282F3AE00030F467 /* ViewControllers */ = {
			isa = PBXGroup;
			children = (
				942BDFB9282F32EB0030F467 /* HomeViewController.swift */,
			);
			path = ViewControllers;
			sourceTree = "<group>";
		};
		942BDFCA282F3B210030F467 /* Views */ = {
			isa = PBXGroup;
			children = (
				942BDFCB282F3B560030F467 /* BottomControlView.swift */,
				942BDFD0282FA1610030F467 /* TopControlView.swift */,
			);
			path = Views;
			sourceTree = "<group>";
		};
		942BDFCF282F57EB0030F467 /* Extensions */ = {
			isa = PBXGroup;
			children = (
				942BDFCD282F57DA0030F467 /* UIImage-Extension.swift */,
			);
			path = Extensions;
			sourceTree = "<group>";
		};
/* End PBXGroup section */

/* Begin PBXNativeTarget section */
		942BDFB1282F32EB0030F467 /* MatchApp */ = {
			isa = PBXNativeTarget;
			buildConfigurationList = 942BDFC6282F32F30030F467 /* Build configuration list for PBXNativeTarget "MatchApp" */;
			buildPhases = (
				942BDFAE282F32EB0030F467 /* Sources */,
				942BDFAF282F32EB0030F467 /* Frameworks */,
				942BDFB0282F32EB0030F467 /* Resources */,
			);
			buildRules = (
			);
			dependencies = (
			);
			name = MatchApp;
			packageProductDependencies = (
				94963558282FE9C500C8F93F /* RxCocoa */,
				9496355A282FE9C500C8F93F /* RxRelay */,
				9496355C282FE9C500C8F93F /* RxSwift */,
			);
			productName = MatchApp;
			productReference = 942BDFB2282F32EB0030F467 /* MatchApp.app */;
			productType = "com.apple.product-type.application";
		};
/* End PBXNativeTarget section */

/* Begin PBXProject section */
		942BDFAA282F32EB0030F467 /* Project object */ = {
			isa = PBXProject;
			attributes = {
				BuildIndependentTargetsInParallel = 1;
				LastSwiftUpdateCheck = 1330;
				LastUpgradeCheck = 1330;
				TargetAttributes = {
					942BDFB1282F32EB0030F467 = {
						CreatedOnToolsVersion = 13.3;
					};
				};
			};
			buildConfigurationList = 942BDFAD282F32EB0030F467 /* Build configuration list for PBXProject "MatchApp" */;
			compatibilityVersion = "Xcode 13.0";
			developmentRegion = en;
			hasScannedForEncodings = 0;
			knownRegions = (
				en,
				Base,
			);
			mainGroup = 942BDFA9282F32EB0030F467;
			packageReferences = (
				94963557282FE9C500C8F93F /* XCRemoteSwiftPackageReference "RxSwift" */,
			);
			productRefGroup = 942BDFB3282F32EB0030F467 /* Products */;
			projectDirPath = "";
			projectRoot = "";
			targets = (
				942BDFB1282F32EB0030F467 /* MatchApp */,
			);
		};
/* End PBXProject section */

/* Begin PBXResourcesBuildPhase section */
		942BDFB0282F32EB0030F467 /* Resources */ = {
			isa = PBXResourcesBuildPhase;
			buildActionMask = 2147483647;
			files = (
				942BDFC2282F32F30030F467 /* LaunchScreen.storyboard in Resources */,
				942BDFBF282F32F30030F467 /* Assets.xcassets in Resources */,
			);
			runOnlyForDeploymentPostprocessing = 0;
		};
/* End PBXResourcesBuildPhase section */

/* Begin PBXSourcesBuildPhase section */
		942BDFAE282F32EB0030F467 /* Sources */ = {
			isa = PBXSourcesBuildPhase;
			buildActionMask = 2147483647;
			files = (
				942BDFD1282FA1610030F467 /* TopControlView.swift in Sources */,
				942BDFBA282F32EB0030F467 /* HomeViewController.swift in Sources */,
				942BDFB6282F32EB0030F467 /* AppDelegate.swift in Sources */,
				942BDFB8282F32EB0030F467 /* SceneDelegate.swift in Sources */,
				942BDFCC282F3B560030F467 /* BottomControlView.swift in Sources */,
				942BDFCE282F57DA0030F467 /* UIImage-Extension.swift in Sources */,
			);
			runOnlyForDeploymentPostprocessing = 0;
		};
/* End PBXSourcesBuildPhase section */

/* Begin PBXVariantGroup section */
		942BDFC0282F32F30030F467 /* LaunchScreen.storyboard */ = {
			isa = PBXVariantGroup;
			children = (
				942BDFC1282F32F30030F467 /* Base */,
			);
			name = LaunchScreen.storyboard;
			sourceTree = "<group>";
		};
/* End PBXVariantGroup section */

/* Begin XCBuildConfiguration section */
		942BDFC4282F32F30030F467 /* Debug */ = {
			isa = XCBuildConfiguration;
			buildSettings = {
				ALWAYS_SEARCH_USER_PATHS = NO;
				CLANG_ANALYZER_NONNULL = YES;
				CLANG_ANALYZER_NUMBER_OBJECT_CONVERSION = YES_AGGRESSIVE;
				CLANG_CXX_LANGUAGE_STANDARD = "gnu++17";
				CLANG_ENABLE_MODULES = YES;
				CLANG_ENABLE_OBJC_ARC = YES;
				CLANG_ENABLE_OBJC_WEAK = YES;
				CLANG_WARN_BLOCK_CAPTURE_AUTORELEASING = YES;
				CLANG_WARN_BOOL_CONVERSION = YES;
				CLANG_WARN_COMMA = YES;
				CLANG_WARN_CONSTANT_CONVERSION = YES;
				CLANG_WARN_DEPRECATED_OBJC_IMPLEMENTATIONS = YES;
				CLANG_WARN_DIRECT_OBJC_ISA_USAGE = YES_ERROR;
				CLANG_WARN_DOCUMENTATION_COMMENTS = YES;
				CLANG_WARN_EMPTY_BODY = YES;
				CLANG_WARN_ENUM_CONVERSION = YES;
				CLANG_WARN_INFINITE_RECURSION = YES;
				CLANG_WARN_INT_CONVERSION = YES;
				CLANG_WARN_NON_LITERAL_NULL_CONVERSION = YES;
				CLANG_WARN_OBJC_IMPLICIT_RETAIN_SELF = YES;
				CLANG_WARN_OBJC_LITERAL_CONVERSION = YES;
				CLANG_WARN_OBJC_ROOT_CLASS = YES_ERROR;
				CLANG_WARN_QUOTED_INCLUDE_IN_FRAMEWORK_HEADER = YES;
				CLANG_WARN_RANGE_LOOP_ANALYSIS = YES;
				CLANG_WARN_STRICT_PROTOTYPES = YES;
				CLANG_WARN_SUSPICIOUS_MOVE = YES;
				CLANG_WARN_UNGUARDED_AVAILABILITY = YES_AGGRESSIVE;
				CLANG_WARN_UNREACHABLE_CODE = YES;
				CLANG_WARN__DUPLICATE_METHOD_MATCH = YES;
				COPY_PHASE_STRIP = NO;
				DEBUG_INFORMATION_FORMAT = dwarf;
				ENABLE_STRICT_OBJC_MSGSEND = YES;
				ENABLE_TESTABILITY = YES;
				GCC_C_LANGUAGE_STANDARD = gnu11;
				GCC_DYNAMIC_NO_PIC = NO;
				GCC_NO_COMMON_BLOCKS = YES;
				GCC_OPTIMIZATION_LEVEL = 0;
				GCC_PREPROCESSOR_DEFINITIONS = (
					"DEBUG=1",
					"$(inherited)",
				);
				GCC_WARN_64_TO_32_BIT_CONVERSION = YES;
				GCC_WARN_ABOUT_RETURN_TYPE = YES_ERROR;
				GCC_WARN_UNDECLARED_SELECTOR = YES;
				GCC_WARN_UNINITIALIZED_AUTOS = YES_AGGRESSIVE;
				GCC_WARN_UNUSED_FUNCTION = YES;
				GCC_WARN_UNUSED_VARIABLE = YES;
				IPHONEOS_DEPLOYMENT_TARGET = 15.4;
				MTL_ENABLE_DEBUG_INFO = INCLUDE_SOURCE;
				MTL_FAST_MATH = YES;
				ONLY_ACTIVE_ARCH = YES;
				SDKROOT = iphoneos;
				SWIFT_ACTIVE_COMPILATION_CONDITIONS = DEBUG;
				SWIFT_OPTIMIZATION_LEVEL = "-Onone";
			};
			name = Debug;
		};
		942BDFC5282F32F30030F467 /* Release */ = {
			isa = XCBuildConfiguration;
			buildSettings = {
				ALWAYS_SEARCH_USER_PATHS = NO;
				CLANG_ANALYZER_NONNULL = YES;
				CLANG_ANALYZER_NUMBER_OBJECT_CONVERSION = YES_AGGRESSIVE;
				CLANG_CXX_LANGUAGE_STANDARD = "gnu++17";
				CLANG_ENABLE_MODULES = YES;
				CLANG_ENABLE_OBJC_ARC = YES;
				CLANG_ENABLE_OBJC_WEAK = YES;
				CLANG_WARN_BLOCK_CAPTURE_AUTORELEASING = YES;
				CLANG_WARN_BOOL_CONVERSION = YES;
				CLANG_WARN_COMMA = YES;
				CLANG_WARN_CONSTANT_CONVERSION = YES;
				CLANG_WARN_DEPRECATED_OBJC_IMPLEMENTATIONS = YES;
				CLANG_WARN_DIRECT_OBJC_ISA_USAGE = YES_ERROR;
				CLANG_WARN_DOCUMENTATION_COMMENTS = YES;
				CLANG_WARN_EMPTY_BODY = YES;
				CLANG_WARN_ENUM_CONVERSION = YES;
				CLANG_WARN_INFINITE_RECURSION = YES;
				CLANG_WARN_INT_CONVERSION = YES;
				CLANG_WARN_NON_LITERAL_NULL_CONVERSION = YES;
				CLANG_WARN_OBJC_IMPLICIT_RETAIN_SELF = YES;
				CLANG_WARN_OBJC_LITERAL_CONVERSION = YES;
				CLANG_WARN_OBJC_ROOT_CLASS = YES_ERROR;
				CLANG_WARN_QUOTED_INCLUDE_IN_FRAMEWORK_HEADER = YES;
				CLANG_WARN_RANGE_LOOP_ANALYSIS = YES;
				CLANG_WARN_STRICT_PROTOTYPES = YES;
				CLANG_WARN_SUSPICIOUS_MOVE = YES;
				CLANG_WARN_UNGUARDED_AVAILABILITY = YES_AGGRESSIVE;
				CLANG_WARN_UNREACHABLE_CODE = YES;
				CLANG_WARN__DUPLICATE_METHOD_MATCH = YES;
				COPY_PHASE_STRIP = NO;
				DEBUG_INFORMATION_FORMAT = "dwarf-with-dsym";
				ENABLE_NS_ASSERTIONS = NO;
				ENABLE_STRICT_OBJC_MSGSEND = YES;
				GCC_C_LANGUAGE_STANDARD = gnu11;
				GCC_NO_COMMON_BLOCKS = YES;
				GCC_WARN_64_TO_32_BIT_CONVERSION = YES;
				GCC_WARN_ABOUT_RETURN_TYPE = YES_ERROR;
				GCC_WARN_UNDECLARED_SELECTOR = YES;
				GCC_WARN_UNINITIALIZED_AUTOS = YES_AGGRESSIVE;
				GCC_WARN_UNUSED_FUNCTION = YES;
				GCC_WARN_UNUSED_VARIABLE = YES;
				IPHONEOS_DEPLOYMENT_TARGET = 15.4;
				MTL_ENABLE_DEBUG_INFO = NO;
				MTL_FAST_MATH = YES;
				SDKROOT = iphoneos;
				SWIFT_COMPILATION_MODE = wholemodule;
				SWIFT_OPTIMIZATION_LEVEL = "-O";
				VALIDATE_PRODUCT = YES;
			};
			name = Release;
		};
		942BDFC7282F32F30030F467 /* Debug */ = {
			isa = XCBuildConfiguration;
			buildSettings = {
				ASSETCATALOG_COMPILER_APPICON_NAME = AppIcon;
				ASSETCATALOG_COMPILER_GLOBAL_ACCENT_COLOR_NAME = AccentColor;
				CODE_SIGN_STYLE = Automatic;
				CURRENT_PROJECT_VERSION = 1;
				DEVELOPMENT_TEAM = 945H9G638P;
				GENERATE_INFOPLIST_FILE = YES;
				INFOPLIST_FILE = MatchApp/Info.plist;
				INFOPLIST_KEY_UIApplicationSupportsIndirectInputEvents = YES;
				INFOPLIST_KEY_UILaunchStoryboardName = LaunchScreen;
				INFOPLIST_KEY_UISupportedInterfaceOrientations_iPad = "UIInterfaceOrientationPortrait UIInterfaceOrientationPortraitUpsideDown UIInterfaceOrientationLandscapeLeft UIInterfaceOrientationLandscapeRight";
				INFOPLIST_KEY_UISupportedInterfaceOrientations_iPhone = "UIInterfaceOrientationPortrait UIInterfaceOrientationLandscapeLeft UIInterfaceOrientationLandscapeRight";
				LD_RUNPATH_SEARCH_PATHS = (
					"$(inherited)",
					"@executable_path/Frameworks",
				);
				MARKETING_VERSION = 1.0;
				PRODUCT_BUNDLE_IDENTIFIER = Mahiro.MatchApp;
				PRODUCT_NAME = "$(TARGET_NAME)";
				SWIFT_EMIT_LOC_STRINGS = YES;
				SWIFT_VERSION = 5.0;
				TARGETED_DEVICE_FAMILY = "1,2";
			};
			name = Debug;
		};
		942BDFC8282F32F30030F467 /* Release */ = {
			isa = XCBuildConfiguration;
			buildSettings = {
				ASSETCATALOG_COMPILER_APPICON_NAME = AppIcon;
				ASSETCATALOG_COMPILER_GLOBAL_ACCENT_COLOR_NAME = AccentColor;
				CODE_SIGN_STYLE = Automatic;
				CURRENT_PROJECT_VERSION = 1;
				DEVELOPMENT_TEAM = 945H9G638P;
				GENERATE_INFOPLIST_FILE = YES;
				INFOPLIST_FILE = MatchApp/Info.plist;
				INFOPLIST_KEY_UIApplicationSupportsIndirectInputEvents = YES;
				INFOPLIST_KEY_UILaunchStoryboardName = LaunchScreen;
				INFOPLIST_KEY_UISupportedInterfaceOrientations_iPad = "UIInterfaceOrientationPortrait UIInterfaceOrientationPortraitUpsideDown UIInterfaceOrientationLandscapeLeft UIInterfaceOrientationLandscapeRight";
				INFOPLIST_KEY_UISupportedInterfaceOrientations_iPhone = "UIInterfaceOrientationPortrait UIInterfaceOrientationLandscapeLeft UIInterfaceOrientationLandscapeRight";
				LD_RUNPATH_SEARCH_PATHS = (
					"$(inherited)",
					"@executable_path/Frameworks",
				);
				MARKETING_VERSION = 1.0;
				PRODUCT_BUNDLE_IDENTIFIER = Mahiro.MatchApp;
				PRODUCT_NAME = "$(TARGET_NAME)";
				SWIFT_EMIT_LOC_STRINGS = YES;
				SWIFT_VERSION = 5.0;
				TARGETED_DEVICE_FAMILY = "1,2";
			};
			name = Release;
		};
/* End XCBuildConfiguration section */

/* Begin XCConfigurationList section */
		942BDFAD282F32EB0030F467 /* Build configuration list for PBXProject "MatchApp" */ = {
			isa = XCConfigurationList;
			buildConfigurations = (
				942BDFC4282F32F30030F467 /* Debug */,
				942BDFC5282F32F30030F467 /* Release */,
			);
			defaultConfigurationIsVisible = 0;
			defaultConfigurationName = Release;
		};
		942BDFC6282F32F30030F467 /* Build configuration list for PBXNativeTarget "MatchApp" */ = {
			isa = XCConfigurationList;
			buildConfigurations = (
				942BDFC7282F32F30030F467 /* Debug */,
				942BDFC8282F32F30030F467 /* Release */,
			);
			defaultConfigurationIsVisible = 0;
			defaultConfigurationName = Release;
		};
/* End XCConfigurationList section */

/* Begin XCRemoteSwiftPackageReference section */
		94963557282FE9C500C8F93F /* XCRemoteSwiftPackageReference "RxSwift" */ = {
			isa = XCRemoteSwiftPackageReference;
			repositoryURL = "https://github.com/ReactiveX/RxSwift";
			requirement = {
				branch = main;
				kind = branch;
			};
		};
/* End XCRemoteSwiftPackageReference section */

/* Begin XCSwiftPackageProductDependency section */
		94963558282FE9C500C8F93F /* RxCocoa */ = {
			isa = XCSwiftPackageProductDependency;
			package = 94963557282FE9C500C8F93F /* XCRemoteSwiftPackageReference "RxSwift" */;
			productName = RxCocoa;
		};
		9496355A282FE9C500C8F93F /* RxRelay */ = {
			isa = XCSwiftPackageProductDependency;
			package = 94963557282FE9C500C8F93F /* XCRemoteSwiftPackageReference "RxSwift" */;
			productName = RxRelay;
		};
		9496355C282FE9C500C8F93F /* RxSwift */ = {
			isa = XCSwiftPackageProductDependency;
			package = 94963557282FE9C500C8F93F /* XCRemoteSwiftPackageReference "RxSwift" */;
			productName = RxSwift;
		};
/* End XCSwiftPackageProductDependency section */
	};
	rootObject = 942BDFAA282F32EB0030F467 /* Project object */;
}
